
Microsoft Visual Studio Solution File, Format Version 12.00
# Visual Studio 2013
VisualStudioVersion = 12.0.31101.0
MinimumVisualStudioVersion = 10.0.40219.1
Project("{FAE04EC0-301F-11D3-BF4B-00C04F79EFBC}") = "StudyMVC", "StudyMVC\StudyMVC.csproj", "{7D12C22B-5A6E-4A2E-800D-DEC9ECB85465}"
EndProject
Project("{FAE04EC0-301F-11D3-BF4B-00C04F79EFBC}") = "StudyConsole", "StudyConsole\StudyConsole.csproj", "{9DCBDD34-39C2-4435-9FBE-BD25331C4D74}"
EndProject
Global
	GlobalSection(SolutionConfigurationPlatforms) = preSolution
		Debug|Any CPU = Debug|Any CPU
		Release|Any CPU = Release|Any CPU
	EndGlobalSection
	GlobalSection(ProjectConfigurationPlatforms) = postSolution
		{7D12C22B-5A6E-4A2E-800D-DEC9ECB85465}.Debug|Any CPU.ActiveCfg = Debug|Any CPU
		{7D12C22B-5A6E-4A2E-800D-DEC9ECB85465}.Debug|Any CPU.Build.0 = Debug|Any CPU
		{7D12C22B-5A6E-4A2E-800D-DEC9ECB85465}.Release|Any CPU.ActiveCfg = Release|Any CPU
		{7D12C22B-5A6E-4A2E-800D-DEC9ECB85465}.Release|Any CPU.Build.0 = Release|Any CPU
		{9DCBDD34-39C2-4435-9FBE-BD25331C4D74}.Debug|Any CPU.ActiveCfg = Debug|Any CPU
		{9DCBDD34-39C2-4435-9FBE-BD25331C4D74}.Debug|Any CPU.Build.0 = Debug|Any CPU
		{9DCBDD34-39C2-4435-9FBE-BD25331C4D74}.Release|Any CPU.ActiveCfg = Release|Any CPU
		{9DCBDD34-39C2-4435-9FBE-BD25331C4D74}.Release|Any CPU.Build.0 = Release|Any CPU
	EndGlobalSection
	GlobalSection(SolutionProperties) = preSolution
		HideSolutionNode = FALSE
	EndGlobalSection
EndGlobal
